// !$*UTF8*$!
{
	archiveVersion = 1;
	classes = {
	};
	objectVersion = 46;
	objects = {

/* Begin PBXBuildFile section */
		62B08DE61E86DE89002ACA0A /* AppDelegate.swift in Sources */ = {isa = PBXBuildFile; fileRef = 62B08DE51E86DE89002ACA0A /* AppDelegate.swift */; };
		62B08DED1E86DE89002ACA0A /* Assets.xcassets in Resources */ = {isa = PBXBuildFile; fileRef = 62B08DEC1E86DE89002ACA0A /* Assets.xcassets */; };
		62B08DFB1E86E2A6002ACA0A /* ViewController.swift in Sources */ = {isa = PBXBuildFile; fileRef = 62B08DFA1E86E2A6002ACA0A /* ViewController.swift */; };
		62B08E001E86E2D6002ACA0A /* LaunchScreen.storyboard in Resources */ = {isa = PBXBuildFile; fileRef = 62B08DFC1E86E2D6002ACA0A /* LaunchScreen.storyboard */; };
		62B08E011E86E2D6002ACA0A /* Main.storyboard in Resources */ = {isa = PBXBuildFile; fileRef = 62B08DFE1E86E2D6002ACA0A /* Main.storyboard */; };
/* End PBXBuildFile section */

/* Begin PBXFileReference section */
		62B08DE21E86DE89002ACA0A /* TwitchTopGames.app */ = {isa = PBXFileReference; explicitFileType = wrapper.application; includeInIndex = 0; path = TwitchTopGames.app; sourceTree = BUILT_PRODUCTS_DIR; };
		62B08DE51E86DE89002ACA0A /* AppDelegate.swift */ = {isa = PBXFileReference; lastKnownFileType = sourcecode.swift; path = AppDelegate.swift; sourceTree = "<group>"; };
		62B08DEC1E86DE89002ACA0A /* Assets.xcassets */ = {isa = PBXFileReference; lastKnownFileType = folder.assetcatalog; path = Assets.xcassets; sourceTree = "<group>"; };
		62B08DF11E86DE89002ACA0A /* Info.plist */ = {isa = PBXFileReference; lastKnownFileType = text.plist.xml; path = Info.plist; sourceTree = "<group>"; };
		62B08DFA1E86E2A6002ACA0A /* ViewController.swift */ = {isa = PBXFileReference; fileEncoding = 4; lastKnownFileType = sourcecode.swift; name = ViewController.swift; path = Controllers/ViewController.swift; sourceTree = "<group>"; };
		62B08DFD1E86E2D6002ACA0A /* Base */ = {isa = PBXFileReference; lastKnownFileType = file.storyboard; name = Base; path = Views/Base.lproj/LaunchScreen.storyboard; sourceTree = "<group>"; };
		62B08DFF1E86E2D6002ACA0A /* Base */ = {isa = PBXFileReference; lastKnownFileType = file.storyboard; name = Base; path = Views/Base.lproj/Main.storyboard; sourceTree = "<group>"; };
/* End PBXFileReference section */

/* Begin PBXFrameworksBuildPhase section */
		62B08DDF1E86DE89002ACA0A /* Frameworks */ = {
			isa = PBXFrameworksBuildPhase;
			buildActionMask = 2147483647;
			files = (
			);
			runOnlyForDeploymentPostprocessing = 0;
		};
/* End PBXFrameworksBuildPhase section */

/* Begin PBXGroup section */
		62B08DD91E86DE89002ACA0A = {
			isa = PBXGroup;
			children = (
				62B08DE41E86DE89002ACA0A /* TwitchTopGames */,
				62B08DE31E86DE89002ACA0A /* Products */,
			);
			sourceTree = "<group>";
		};
		62B08DE31E86DE89002ACA0A /* Products */ = {
			isa = PBXGroup;
			children = (
				62B08DE21E86DE89002ACA0A /* TwitchTopGames.app */,
			);
			name = Products;
			sourceTree = "<group>";
		};
		62B08DE41E86DE89002ACA0A /* TwitchTopGames */ = {
			isa = PBXGroup;
			children = (
				62B08DF71E86E289002ACA0A /* Models */,
				62B08DF81E86E28F002ACA0A /* Views */,
				62B08DF91E86E293002ACA0A /* Controllers */,
				62B08E021E86E2FF002ACA0A /* Utils */,
				62B08DE51E86DE89002ACA0A /* AppDelegate.swift */,
				62B08DEC1E86DE89002ACA0A /* Assets.xcassets */,
				62B08DF11E86DE89002ACA0A /* Info.plist */,
			);
			path = TwitchTopGames;
			sourceTree = "<group>";
		};
		62B08DF71E86E289002ACA0A /* Models */ = {
			isa = PBXGroup;
			children = (
			);
			name = Models;
			sourceTree = "<group>";
		};
		62B08DF81E86E28F002ACA0A /* Views */ = {
			isa = PBXGroup;
			children = (
				62B08DFC1E86E2D6002ACA0A /* LaunchScreen.storyboard */,
				62B08DFE1E86E2D6002ACA0A /* Main.storyboard */,
			);
			name = Views;
			sourceTree = "<group>";
		};
		62B08DF91E86E293002ACA0A /* Controllers */ = {
			isa = PBXGroup;
			children = (
				62B08DFA1E86E2A6002ACA0A /* ViewController.swift */,
			);
			name = Controllers;
			sourceTree = "<group>";
		};
		62B08E021E86E2FF002ACA0A /* Utils */ = {
			isa = PBXGroup;
			children = (
			);
			name = Utils;
			sourceTree = "<group>";
		};
/* End PBXGroup section */

/* Begin PBXNativeTarget section */
		62B08DE11E86DE89002ACA0A /* TwitchTopGames */ = {
			isa = PBXNativeTarget;
			buildConfigurationList = 62B08DF41E86DE89002ACA0A /* Build configuration list for PBXNativeTarget "TwitchTopGames" */;
			buildPhases = (
				62B08DDE1E86DE89002ACA0A /* Sources */,
				62B08DDF1E86DE89002ACA0A /* Frameworks */,
				62B08DE01E86DE89002ACA0A /* Resources */,
			);
			buildRules = (
			);
			dependencies = (
			);
			name = TwitchTopGames;
			productName = TwitchTopGames;
			productReference = 62B08DE21E86DE89002ACA0A /* TwitchTopGames.app */;
			productType = "com.apple.product-type.application";
		};
/* End PBXNativeTarget section */

/* Begin PBXProject section */
		62B08DDA1E86DE89002ACA0A /* Project object */ = {
			isa = PBXProject;
			attributes = {
				LastSwiftUpdateCheck = 0820;
				LastUpgradeCheck = 0820;
				ORGANIZATIONNAME = "João Carreira";
				TargetAttributes = {
					62B08DE11E86DE89002ACA0A = {
						CreatedOnToolsVersion = 8.2.1;
						DevelopmentTeam = 757P28B37C;
						ProvisioningStyle = Automatic;
					};
				};
			};
			buildConfigurationList = 62B08DDD1E86DE89002ACA0A /* Build configuration list for PBXProject "TwitchTopGames" */;
			compatibilityVersion = "Xcode 3.2";
			developmentRegion = English;
			hasScannedForEncodings = 0;
			knownRegions = (
				en,
				Base,
			);
			mainGroup = 62B08DD91E86DE89002ACA0A;
			productRefGroup = 62B08DE31E86DE89002ACA0A /* Products */;
			projectDirPath = "";
			projectRoot = "";
			targets = (
				62B08DE11E86DE89002ACA0A /* TwitchTopGames */,
			);
		};
/* End PBXProject section */

/* Begin PBXResourcesBuildPhase section */
		62B08DE01E86DE89002ACA0A /* Resources */ = {
			isa = PBXResourcesBuildPhase;
			buildActionMask = 2147483647;
			files = (
				62B08E011E86E2D6002ACA0A /* Main.storyboard in Resources */,
				62B08DED1E86DE89002ACA0A /* Assets.xcassets in Resources */,
				62B08E001E86E2D6002ACA0A /* LaunchScreen.storyboard in Resources */,
			);
			runOnlyForDeploymentPostprocessing = 0;
		};
/* End PBXResourcesBuildPhase section */

/* Begin PBXSourcesBuildPhase section */
		62B08DDE1E86DE89002ACA0A /* Sources */ = {
			isa = PBXSourcesBuildPhase;
			buildActionMask = 2147483647;
			files = (
				62B08DFB1E86E2A6002ACA0A /* ViewController.swift in Sources */,
				62B08DE61E86DE89002ACA0A /* AppDelegate.swift in Sources */,
			);
			runOnlyForDeploymentPostprocessing = 0;
		};
/* End PBXSourcesBuildPhase section */

/* Begin PBXVariantGroup section */
		62B08DFC1E86E2D6002ACA0A /* LaunchScreen.storyboard */ = {
			isa = PBXVariantGroup;
			children = (
				62B08DFD1E86E2D6002ACA0A /* Base */,
			);
			name = LaunchScreen.storyboard;
			sourceTree = "<group>";
		};
		62B08DFE1E86E2D6002ACA0A /* Main.storyboard */ = {
			isa = PBXVariantGroup;
			children = (
				62B08DFF1E86E2D6002ACA0A /* Base */,
			);
			name = Main.storyboard;
			sourceTree = "<group>";
		};
/* End PBXVariantGroup section */

/* Begin XCBuildConfiguration section */
		62B08DF21E86DE89002ACA0A /* Debug */ = {
			isa = XCBuildConfiguration;
			buildSettings = {
				ALWAYS_SEARCH_USER_PATHS = NO;
				CLANG_ANALYZER_NONNULL = YES;
				CLANG_CXX_LANGUAGE_STANDARD = "gnu++0x";
				CLANG_CXX_LIBRARY = "libc++";
				CLANG_ENABLE_MODULES = YES;
				CLANG_ENABLE_OBJC_ARC = YES;
				CLANG_WARN_BOOL_CONVERSION = YES;
				CLANG_WARN_CONSTANT_CONVERSION = YES;
				CLANG_WARN_DIRECT_OBJC_ISA_USAGE = YES_ERROR;
				CLANG_WARN_DOCUMENTATION_COMMENTS = YES;
				CLANG_WARN_EMPTY_BODY = YES;
				CLANG_WARN_ENUM_CONVERSION = YES;
				CLANG_WARN_INFINITE_RECURSION = YES;
				CLANG_WARN_INT_CONVERSION = YES;
				CLANG_WARN_OBJC_ROOT_CLASS = YES_ERROR;
				CLANG_WARN_SUSPICIOUS_MOVE = YES;
				CLANG_WARN_UNREACHABLE_CODE = YES;
				CLANG_WARN__DUPLICATE_METHOD_MATCH = YES;
				"CODE_SIGN_IDENTITY[sdk=iphoneos*]" = "iPhone Developer";
				COPY_PHASE_STRIP = NO;
				DEBUG_INFORMATION_FORMAT = dwarf;
				ENABLE_STRICT_OBJC_MSGSEND = YES;
				ENABLE_TESTABILITY = YES;
				GCC_C_LANGUAGE_STANDARD = gnu99;
				GCC_DYNAMIC_NO_PIC = NO;
				GCC_NO_COMMON_BLOCKS = YES;
				GCC_OPTIMIZATION_LEVEL = 0;
				GCC_PREPROCESSOR_DEFINITIONS = (
					"DEBUG=1",
					"$(inherited)",
				);
				GCC_WARN_64_TO_32_BIT_CONVERSION = YES;
				GCC_WARN_ABOUT_RETURN_TYPE = YES_ERROR;
				GCC_WARN_UNDECLARED_SELECTOR = YES;
				GCC_WARN_UNINITIALIZED_AUTOS = YES_AGGRESSIVE;
				GCC_WARN_UNUSED_FUNCTION = YES;
				GCC_WARN_UNUSED_VARIABLE = YES;
				IPHONEOS_DEPLOYMENT_TARGET = 10.2;
				MTL_ENABLE_DEBUG_INFO = YES;
				ONLY_ACTIVE_ARCH = YES;
				SDKROOT = iphoneos;
				SWIFT_ACTIVE_COMPILATION_CONDITIONS = DEBUG;
				SWIFT_OPTIMIZATION_LEVEL = "-Onone";
			};
			name = Debug;
		};
		62B08DF31E86DE89002ACA0A /* Release */ = {
			isa = XCBuildConfiguration;
			buildSettings = {
				ALWAYS_SEARCH_USER_PATHS = NO;
				CLANG_ANALYZER_NONNULL = YES;
				CLANG_CXX_LANGUAGE_STANDARD = "gnu++0x";
				CLANG_CXX_LIBRARY = "libc++";
				CLANG_ENABLE_MODULES = YES;
				CLANG_ENABLE_OBJC_ARC = YES;
				CLANG_WARN_BOOL_CONVERSION = YES;
				CLANG_WARN_CONSTANT_CONVERSION = YES;
				CLANG_WARN_DIRECT_OBJC_ISA_USAGE = YES_ERROR;
				CLANG_WARN_DOCUMENTATION_COMMENTS = YES;
				CLANG_WARN_EMPTY_BODY = YES;
				CLANG_WARN_ENUM_CONVERSION = YES;
				CLANG_WARN_INFINITE_RECURSION = YES;
				CLANG_WARN_INT_CONVERSION = YES;
				CLANG_WARN_OBJC_ROOT_CLASS = YES_ERROR;
				CLANG_WARN_SUSPICIOUS_MOVE = YES;
				CLANG_WARN_UNREACHABLE_CODE = YES;
				CLANG_WARN__DUPLICATE_METHOD_MATCH = YES;
				"CODE_SIGN_IDENTITY[sdk=iphoneos*]" = "iPhone Developer";
				COPY_PHASE_STRIP = NO;
				DEBUG_INFORMATION_FORMAT = "dwarf-with-dsym";
				ENABLE_NS_ASSERTIONS = NO;
				ENABLE_STRICT_OBJC_MSGSEND = YES;
				GCC_C_LANGUAGE_STANDARD = gnu99;
				GCC_NO_COMMON_BLOCKS = YES;
				GCC_WARN_64_TO_32_BIT_CONVERSION = YES;
				GCC_WARN_ABOUT_RETURN_TYPE = YES_ERROR;
				GCC_WARN_UNDECLARED_SELECTOR = YES;
				GCC_WARN_UNINITIALIZED_AUTOS = YES_AGGRESSIVE;
				GCC_WARN_UNUSED_FUNCTION = YES;
				GCC_WARN_UNUSED_VARIABLE = YES;
				IPHONEOS_DEPLOYMENT_TARGET = 10.2;
				MTL_ENABLE_DEBUG_INFO = NO;
				SDKROOT = iphoneos;
				SWIFT_OPTIMIZATION_LEVEL = "-Owholemodule";
				VALIDATE_PRODUCT = YES;
			};
			name = Release;
		};
		62B08DF51E86DE89002ACA0A /* Debug */ = {
			isa = XCBuildConfiguration;
			buildSettings = {
				ASSETCATALOG_COMPILER_APPICON_NAME = AppIcon;
				"CODE_SIGN_IDENTITY[sdk=iphoneos*]" = "iPhone Developer";
				DEVELOPMENT_TEAM = 757P28B37C;
				INFOPLIST_FILE = TwitchTopGames/Info.plist;
				LD_RUNPATH_SEARCH_PATHS = "$(inherited) @executable_path/Frameworks";
				PRODUCT_BUNDLE_IDENTIFIER = com.jpcarreira.TwitchTopGamesApp;
				PRODUCT_NAME = "$(TARGET_NAME)";
				SWIFT_VERSION = 3.0;
			};
			name = Debug;
		};
		62B08DF61E86DE89002ACA0A /* Release */ = {
			isa = XCBuildConfiguration;
			buildSettings = {
				ASSETCATALOG_COMPILER_APPICON_NAME = AppIcon;
				"CODE_SIGN_IDENTITY[sdk=iphoneos*]" = "iPhone Developer";
				DEVELOPMENT_TEAM = 757P28B37C;
				INFOPLIST_FILE = TwitchTopGames/Info.plist;
				LD_RUNPATH_SEARCH_PATHS = "$(inherited) @executable_path/Frameworks";
				PRODUCT_BUNDLE_IDENTIFIER = com.jpcarreira.TwitchTopGamesApp;
				PRODUCT_NAME = "$(TARGET_NAME)";
				SWIFT_VERSION = 3.0;
			};
			name = Release;
		};
/* End XCBuildConfiguration section */

/* Begin XCConfigurationList section */
		62B08DDD1E86DE89002ACA0A /* Build configuration list for PBXProject "TwitchTopGames" */ = {
			isa = XCConfigurationList;
			buildConfigurations = (
				62B08DF21E86DE89002ACA0A /* Debug */,
				62B08DF31E86DE89002ACA0A /* Release */,
			);
			defaultConfigurationIsVisible = 0;
			defaultConfigurationName = Release;
		};
		62B08DF41E86DE89002ACA0A /* Build configuration list for PBXNativeTarget "TwitchTopGames" */ = {
			isa = XCConfigurationList;
			buildConfigurations = (
				62B08DF51E86DE89002ACA0A /* Debug */,
				62B08DF61E86DE89002ACA0A /* Release */,
			);
			defaultConfigurationIsVisible = 0;
		};
/* End XCConfigurationList section */
	};
	rootObject = 62B08DDA1E86DE89002ACA0A /* Project object */;
}
